Microsoft Visual Studio Solution File, Format Version 11.00
# Visual Studio 2010
Project("{FAE04EC0-301F-11D3-BF4B-00C04F79EFBC}") = "Assembly-CSharp", "Assembly-CSharp.csproj", "{E423DDF9-1A09-647E-3755-88220253C767}"
EndProject
Project("{FAE04EC0-301F-11D3-BF4B-00C04F79EFBC}") = "Assembly-CSharp-firstpass", "Assembly-CSharp-firstpass.csproj", "{A31AB2F4-32B9-CB98-BD3C-071AC21B28A5}"
EndProject
Project("{FAE04EC0-301F-11D3-BF4B-00C04F79EFBC}") = "Assembly-CSharp-Editor-firstpass", "Assembly-CSharp-Editor-firstpass.csproj", "{BD400CF6-3ED3-EFA4-6F25-D656C6091F85}"
EndProject
Project("{FAE04EC0-301F-11D3-BF4B-00C04F79EFBC}") = "Assembly-CSharp-Editor", "Assembly-CSharp-Editor.csproj", "{04C10A2D-659B-3145-4DF9-79D4239BCCA1}"
EndProject
Global
	GlobalSection(SolutionConfigurationPlatforms) = preSolution
		Debug|Any CPU = Debug|Any CPU
		Release|Any CPU = Release|Any CPU
	EndGlobalSection
	GlobalSection(ProjectConfigurationPlatforms) = postSolution
		{E423DDF9-1A09-647E-3755-88220253C767}.Debug|Any CPU.ActiveCfg = Debug|Any CPU
		{E423DDF9-1A09-647E-3755-88220253C767}.Debug|Any CPU.Build.0 = Debug|Any CPU
		{E423DDF9-1A09-647E-3755-88220253C767}.Release|Any CPU.ActiveCfg = Release|Any CPU
		{E423DDF9-1A09-647E-3755-88220253C767}.Release|Any CPU.Build.0 = Release|Any CPU
		{A31AB2F4-32B9-CB98-BD3C-071AC21B28A5}.Debug|Any CPU.ActiveCfg = Debug|Any CPU
		{A31AB2F4-32B9-CB98-BD3C-071AC21B28A5}.Debug|Any CPU.Build.0 = Debug|Any CPU
		{A31AB2F4-32B9-CB98-BD3C-071AC21B28A5}.Release|Any CPU.ActiveCfg = Release|Any CPU
		{A31AB2F4-32B9-CB98-BD3C-071AC21B28A5}.Release|Any CPU.Build.0 = Release|Any CPU
		{BD400CF6-3ED3-EFA4-6F25-D656C6091F85}.Debug|Any CPU.ActiveCfg = Debug|Any CPU
		{BD400CF6-3ED3-EFA4-6F25-D656C6091F85}.Debug|Any CPU.Build.0 = Debug|Any CPU
		{BD400CF6-3ED3-EFA4-6F25-D656C6091F85}.Release|Any CPU.ActiveCfg = Release|Any CPU
		{BD400CF6-3ED3-EFA4-6F25-D656C6091F85}.Release|Any CPU.Build.0 = Release|Any CPU
		{04C10A2D-659B-3145-4DF9-79D4239BCCA1}.Debug|Any CPU.ActiveCfg = Debug|Any CPU
		{04C10A2D-659B-3145-4DF9-79D4239BCCA1}.Debug|Any CPU.Build.0 = Debug|Any CPU
		{04C10A2D-659B-3145-4DF9-79D4239BCCA1}.Release|Any CPU.ActiveCfg = Release|Any CPU
		{04C10A2D-659B-3145-4DF9-79D4239BCCA1}.Release|Any CPU.Build.0 = Release|Any CPU
	EndGlobalSection
	GlobalSection(SolutionProperties) = preSolution
		HideSolutionNode = FALSE
	EndGlobalSection
EndGlobal
