
Microsoft Visual Studio Solution File, Format Version 12.00
# Visual Studio 16
Project("{FAE04EC0-301F-11D3-BF4B-00C04F79EFBC}") = "Assembly-CSharp", "Assembly-CSharp.csproj", "{69A02BCF-A487-6F41-85B4-7AC3E85682A3}"
EndProject
Project("{FAE04EC0-301F-11D3-BF4B-00C04F79EFBC}") = "Assembly-CSharp-firstpass", "Assembly-CSharp-firstpass.csproj", "{07DF628C-E2D8-71C2-C2D5-E9985A2E0BBE}"
EndProject
Project("{FAE04EC0-301F-11D3-BF4B-00C04F79EFBC}") = "Assembly-CSharp-Editor-firstpass", "Assembly-CSharp-Editor-firstpass.csproj", "{6CCD5FCB-D989-0653-DDD0-291190B1E50F}"
EndProject
Project("{FAE04EC0-301F-11D3-BF4B-00C04F79EFBC}") = "Assembly-CSharp-Editor", "Assembly-CSharp-Editor.csproj", "{37A7E191-D2B2-287D-6176-97A34B85AD2A}"
EndProject
Global
	GlobalSection(SolutionConfigurationPlatforms) = preSolution
		Debug|Any CPU = Debug|Any CPU
		Release|Any CPU = Release|Any CPU
	EndGlobalSection
	GlobalSection(ProjectConfigurationPlatforms) = postSolution
		{69A02BCF-A487-6F41-85B4-7AC3E85682A3}.Debug|Any CPU.ActiveCfg = Debug|Any CPU
		{69A02BCF-A487-6F41-85B4-7AC3E85682A3}.Debug|Any CPU.Build.0 = Debug|Any CPU
		{69A02BCF-A487-6F41-85B4-7AC3E85682A3}.Release|Any CPU.ActiveCfg = Release|Any CPU
		{69A02BCF-A487-6F41-85B4-7AC3E85682A3}.Release|Any CPU.Build.0 = Release|Any CPU
		{07DF628C-E2D8-71C2-C2D5-E9985A2E0BBE}.Debug|Any CPU.ActiveCfg = Debug|Any CPU
		{07DF628C-E2D8-71C2-C2D5-E9985A2E0BBE}.Debug|Any CPU.Build.0 = Debug|Any CPU
		{07DF628C-E2D8-71C2-C2D5-E9985A2E0BBE}.Release|Any CPU.ActiveCfg = Release|Any CPU
		{07DF628C-E2D8-71C2-C2D5-E9985A2E0BBE}.Release|Any CPU.Build.0 = Release|Any CPU
		{6CCD5FCB-D989-0653-DDD0-291190B1E50F}.Debug|Any CPU.ActiveCfg = Debug|Any CPU
		{6CCD5FCB-D989-0653-DDD0-291190B1E50F}.Debug|Any CPU.Build.0 = Debug|Any CPU
		{6CCD5FCB-D989-0653-DDD0-291190B1E50F}.Release|Any CPU.ActiveCfg = Release|Any CPU
		{6CCD5FCB-D989-0653-DDD0-291190B1E50F}.Release|Any CPU.Build.0 = Release|Any CPU
		{37A7E191-D2B2-287D-6176-97A34B85AD2A}.Debug|Any CPU.ActiveCfg = Debug|Any CPU
		{37A7E191-D2B2-287D-6176-97A34B85AD2A}.Debug|Any CPU.Build.0 = Debug|Any CPU
		{37A7E191-D2B2-287D-6176-97A34B85AD2A}.Release|Any CPU.ActiveCfg = Release|Any CPU
		{37A7E191-D2B2-287D-6176-97A34B85AD2A}.Release|Any CPU.Build.0 = Release|Any CPU
	EndGlobalSection
	GlobalSection(SolutionProperties) = preSolution
		HideSolutionNode = FALSE
	EndGlobalSection
EndGlobal
